
Microsoft Visual Studio Solution File, Format Version 12.00
# Visual Studio Version 17
VisualStudioVersion = 17.10.35013.160
MinimumVisualStudioVersion = 10.0.40219.1
Project("{9A19103F-16F7-4668-BE54-9A1E7A4F7556}") = "DDDSampleProject.Domain", "DDDSampleProject.Domain\DDDSampleProject.Domain.csproj", "{41D217A2-5BF0-46D0-8D85-F2BFCAF81C2F}"
EndProject
Project("{2150E333-8FDC-42A3-9474-1A3956D46DE8}") = "Shared", "Shared", "{95EE68A6-8165-42EE-AAA2-C0B0A4029435}"
EndProject
Project("{9A19103F-16F7-4668-BE54-9A1E7A4F7556}") = "DDDSampleProject.Abstraction", "Shared\DDDSampleProject.Abstraction\DDDSampleProject.Abstraction.csproj", "{65D60C43-EF8F-47AF-8240-D64105D1ACF1}"
EndProject
Project("{9A19103F-16F7-4668-BE54-9A1E7A4F7556}") = "DDDSampleProject.Application", "DDDSampleProject.Application\DDDSampleProject.Application.csproj", "{8B2E3B38-D3F0-4A21-9DE0-B3DFD384B2BB}"
EndProject
Project("{9A19103F-16F7-4668-BE54-9A1E7A4F7556}") = "DDDSampleProject.Infrastructure", "DDDSampleProject.Infrastructure\DDDSampleProject.Infrastructure.csproj", "{B679547D-C46D-4F35-835E-F7E923367831}"
EndProject
Project("{9A19103F-16F7-4668-BE54-9A1E7A4F7556}") = "DDDSampleProject.Api", "DDDSampleProject.Api\DDDSampleProject.Api.csproj", "{58A61CE2-EFC4-405B-B2AE-315A29015B6F}"
EndProject
Project("{FAE04EC0-301F-11D3-BF4B-00C04F79EFBC}") = "DDDSampleProject.Shared", "DDDSampleProject.Shared\DDDSampleProject.Shared.csproj", "{A330B945-9021-4BD2-94AA-384E8F209667}"
EndProject
Global
	GlobalSection(SolutionConfigurationPlatforms) = preSolution
		Debug|Any CPU = Debug|Any CPU
		Release|Any CPU = Release|Any CPU
	EndGlobalSection
	GlobalSection(ProjectConfigurationPlatforms) = postSolution
		{41D217A2-5BF0-46D0-8D85-F2BFCAF81C2F}.Debug|Any CPU.ActiveCfg = Debug|Any CPU
		{41D217A2-5BF0-46D0-8D85-F2BFCAF81C2F}.Debug|Any CPU.Build.0 = Debug|Any CPU
		{41D217A2-5BF0-46D0-8D85-F2BFCAF81C2F}.Release|Any CPU.ActiveCfg = Release|Any CPU
		{41D217A2-5BF0-46D0-8D85-F2BFCAF81C2F}.Release|Any CPU.Build.0 = Release|Any CPU
		{65D60C43-EF8F-47AF-8240-D64105D1ACF1}.Debug|Any CPU.ActiveCfg = Debug|Any CPU
		{65D60C43-EF8F-47AF-8240-D64105D1ACF1}.Debug|Any CPU.Build.0 = Debug|Any CPU
		{65D60C43-EF8F-47AF-8240-D64105D1ACF1}.Release|Any CPU.ActiveCfg = Release|Any CPU
		{65D60C43-EF8F-47AF-8240-D64105D1ACF1}.Release|Any CPU.Build.0 = Release|Any CPU
		{8B2E3B38-D3F0-4A21-9DE0-B3DFD384B2BB}.Debug|Any CPU.ActiveCfg = Debug|Any CPU
		{8B2E3B38-D3F0-4A21-9DE0-B3DFD384B2BB}.Debug|Any CPU.Build.0 = Debug|Any CPU
		{8B2E3B38-D3F0-4A21-9DE0-B3DFD384B2BB}.Release|Any CPU.ActiveCfg = Release|Any CPU
		{8B2E3B38-D3F0-4A21-9DE0-B3DFD384B2BB}.Release|Any CPU.Build.0 = Release|Any CPU
		{B679547D-C46D-4F35-835E-F7E923367831}.Debug|Any CPU.ActiveCfg = Debug|Any CPU
		{B679547D-C46D-4F35-835E-F7E923367831}.Debug|Any CPU.Build.0 = Debug|Any CPU
		{B679547D-C46D-4F35-835E-F7E923367831}.Release|Any CPU.ActiveCfg = Release|Any CPU
		{B679547D-C46D-4F35-835E-F7E923367831}.Release|Any CPU.Build.0 = Release|Any CPU
		{58A61CE2-EFC4-405B-B2AE-315A29015B6F}.Debug|Any CPU.ActiveCfg = Debug|Any CPU
		{58A61CE2-EFC4-405B-B2AE-315A29015B6F}.Debug|Any CPU.Build.0 = Debug|Any CPU
		{58A61CE2-EFC4-405B-B2AE-315A29015B6F}.Release|Any CPU.ActiveCfg = Release|Any CPU
		{58A61CE2-EFC4-405B-B2AE-315A29015B6F}.Release|Any CPU.Build.0 = Release|Any CPU
		{A330B945-9021-4BD2-94AA-384E8F209667}.Debug|Any CPU.ActiveCfg = Debug|Any CPU
		{A330B945-9021-4BD2-94AA-384E8F209667}.Debug|Any CPU.Build.0 = Debug|Any CPU
		{A330B945-9021-4BD2-94AA-384E8F209667}.Release|Any CPU.ActiveCfg = Release|Any CPU
		{A330B945-9021-4BD2-94AA-384E8F209667}.Release|Any CPU.Build.0 = Release|Any CPU
	EndGlobalSection
	GlobalSection(SolutionProperties) = preSolution
		HideSolutionNode = FALSE
	EndGlobalSection
	GlobalSection(NestedProjects) = preSolution
		{65D60C43-EF8F-47AF-8240-D64105D1ACF1} = {95EE68A6-8165-42EE-AAA2-C0B0A4029435}
		{A330B945-9021-4BD2-94AA-384E8F209667} = {95EE68A6-8165-42EE-AAA2-C0B0A4029435}
	EndGlobalSection
	GlobalSection(ExtensibilityGlobals) = postSolution
		SolutionGuid = {1518FCF9-275F-430B-B119-4201E2377047}
	EndGlobalSection
EndGlobal
